    "@anthropic-ai/claude-agent-sdk": ["@anthropic-ai/claude-agent-sdk@0.3.187", "", { "optionalDependencies": { "@anthropic-ai/claude-agent-sdk-darwin-arm64": "0.3.187", "@anthropic-ai/claude-agent-sdk-darwin-x64": "0.3.187", "@anthropic-ai/claude-agent-sdk-linux-arm64": "0.3.187", "@anthropic-ai/claude-agent-sdk-linux-arm64-musl": "0.3.187", "@anthropic-ai/claude-agent-sdk-linux-x64": "0.3.187", "@anthropic-ai/claude-agent-sdk-linux-x64-musl": "0.3.187", "@anthropic-ai/claude-agent-sdk-win32-arm64": "0.3.187", "@anthropic-ai/claude-agent-sdk-win32-x64": "0.3.187" }, "peerDependencies": { "@anthropic-ai/sdk": ">=0.93.0", "@modelcontextprotocol/sdk": "^1.29.0", "zod": "^4.0.0" } }, "sha512-HHkuC3he/Wi8fX/WjfS8mJr4TFPGoAd1QyxOuTwjnyOLboGkX1H+UhBYLxHX1ouFvHnYVJglB2wsuWemVQgahQ=="],

    "@anthropic-ai/claude-agent-sdk-darwin-arm64": ["@anthropic-ai/claude-agent-sdk-darwin-arm64@0.3.187", "", { "os": "darwin", "cpu": "arm64" }, "sha512-0DNzATzaRmjS/Q1T4T9SLP/VT67gRX7J4reYPnEdcTm91lJwjqOPkHr17+sv+7DoerZ421ZG38dPsQd/V67qQw=="],

    "@anthropic-ai/claude-agent-sdk-darwin-x64": ["@anthropic-ai/claude-agent-sdk-darwin-x64@0.3.187", "", { "os": "darwin", "cpu": "x64" }, "sha512-Va3O8lTDa9IHq/DbSJwU63JJknNV3YCBh4PEznOHXJtyFoXHgRjrks4QQvN3baZm79avVq2sn+6tvpTz9CuY8A=="],

    "@anthropic-ai/claude-agent-sdk-linux-arm64": ["@anthropic-ai/claude-agent-sdk-linux-arm64@0.3.187", "", { "os": "linux", "cpu": "arm64" }, "sha512-VEvrs3MgwckdWRNa7+2rJdyOBbCWGoRaM6OnL+/n9qi4gKlZnXZlj/90Tw9o8ttcN260Opz120/SE1fYwzu/JA=="],

    "@anthropic-ai/claude-agent-sdk-linux-arm64-musl": ["@anthropic-ai/claude-agent-sdk-linux-arm64-musl@0.3.187", "", { "os": "linux", "cpu": "arm64" }, "sha512-XQ7w2pX0mjPYUC7ayTKiHeAbePOny/ezBATxTWt5JVDZZPfljzvHA0jyXHsN8aLphbgRUfbUpdrtt5b57Bhx5g=="],

    "@anthropic-ai/claude-agent-sdk-linux-x64": ["@anthropic-ai/claude-agent-sdk-linux-x64@0.3.187", "", { "os": "linux", "cpu": "x64" }, "sha512-s/Fmg29tzMrbdeCbseTpL3DlzfWineSQ3bDPvhdKw4jcsgLC1YgQhIkAyE8WlceUyhQyw82NAUgYoPwfGny6hQ=="],

    "@anthropic-ai/claude-agent-sdk-linux-x64-musl": ["@anthropic-ai/claude-agent-sdk-linux-x64-musl@0.3.187", "", { "os": "linux", "cpu": "x64" }, "sha512-yi2/L5oztFqTDnAZl4mWOINr+r7WBot70gYUxG2jOoqdYUl6j50vG/ME605X80v+l2qBmKjSGxb5trY/6DkRzQ=="],

    "@anthropic-ai/claude-agent-sdk-win32-arm64": ["@anthropic-ai/claude-agent-sdk-win32-arm64@0.3.187", "", { "os": "win32", "cpu": "arm64" }, "sha512-HjEl3cDRLAWKopdlrLI54fxTVWq4lZpWA4bTTBVc9UDdDj6AmJIRHKxaCCYLQRvnoswbAUF1sJmJ8EFJ+b6lfw=="],

    "@anthropic-ai/claude-agent-sdk-win32-x64": ["@anthropic-ai/claude-agent-sdk-win32-x64@0.3.187", "", { "os": "win32", "cpu": "x64" }, "sha512-/Kf9XneSuIkSHNwrxOVY0XT7RovAEcx5nDASKzku4994cZz54otU5mT2jT6dwevDLEStfgts5x/A4z0AePwVTQ=="],